
Microsoft Visual Studio Solution File, Format Version 12.00
# Visual Studio Version 16
VisualStudioVersion = 16.0.30717.126
MinimumVisualStudioVersion = 10.0.40219.1
Project("{9A19103F-16F7-4668-BE54-9A1E7A4F7556}") = "RazerPagesMovie", "RazerPagesMovie.csproj", "{40BF8E02-CA23-40EB-85F6-C75F4C5B19D0}"
EndProject
Global
	GlobalSection(SolutionConfigurationPlatforms) = preSolution
		Debug|Any CPU = Debug|Any CPU
		Release|Any CPU = Release|Any CPU
	EndGlobalSection
	GlobalSection(ProjectConfigurationPlatforms) = postSolution
		{40BF8E02-CA23-40EB-85F6-C75F4C5B19D0}.Debug|Any CPU.ActiveCfg = Debug|Any CPU
		{40BF8E02-CA23-40EB-85F6-C75F4C5B19D0}.Debug|Any CPU.Build.0 = Debug|Any CPU
		{40BF8E02-CA23-40EB-85F6-C75F4C5B19D0}.Release|Any CPU.ActiveCfg = Release|Any CPU
		{40BF8E02-CA23-40EB-85F6-C75F4C5B19D0}.Release|Any CPU.Build.0 = Release|Any CPU
	EndGlobalSection
	GlobalSection(SolutionProperties) = preSolution
		HideSolutionNode = FALSE
	EndGlobalSection
	GlobalSection(ExtensibilityGlobals) = postSolution
		SolutionGuid = {5A8C28DE-706F-40EA-BA3C-32615F21455D}
	EndGlobalSection
EndGlobal
